// !$*UTF8*$!
{
	archiveVersion = 1;
	classes = {
	};
	objectVersion = 55;
	objects = {

/* Begin PBXBuildFile section */
		4535B21D285C75A3007A1BFF /* StepAction.swift in Sources */ = {isa = PBXBuildFile; fileRef = 4535B21C285C75A3007A1BFF /* StepAction.swift */; };
		4535B21F285C75D2007A1BFF /* AppStep.swift in Sources */ = {isa = PBXBuildFile; fileRef = 4535B21E285C75D2007A1BFF /* AppStep.swift */; };
		4539615C282EF6AF009F7328 /* NetworkRequestHandling.swift in Sources */ = {isa = PBXBuildFile; fileRef = 4539615B282EF6AF009F7328 /* NetworkRequestHandling.swift */; };
		4539615E282EF6D0009F7328 /* URLSessionNetworkRequestHandler.swift in Sources */ = {isa = PBXBuildFile; fileRef = 4539615D282EF6D0009F7328 /* URLSessionNetworkRequestHandler.swift */; };
		45396160282EF7E0009F7328 /* NetworkRequestError.swift in Sources */ = {isa = PBXBuildFile; fileRef = 4539615F282EF7E0009F7328 /* NetworkRequestError.swift */; };
		45396168282EF81A009F7328 /* ImageLoaderTests.swift in Sources */ = {isa = PBXBuildFile; fileRef = 45396167282EF81A009F7328 /* ImageLoaderTests.swift */; };
		45396172282EFD32009F7328 /* AutoMockable.generated.swift in Sources */ = {isa = PBXBuildFile; fileRef = 45396171282EFD32009F7328 /* AutoMockable.generated.swift */; };
		45396175282EFD56009F7328 /* CataPokeTestError.swift in Sources */ = {isa = PBXBuildFile; fileRef = 45396174282EFD56009F7328 /* CataPokeTestError.swift */; };
		4595FDCE2861967E00E5CD2C /* NeedleGenerated.swift in Sources */ = {isa = PBXBuildFile; fileRef = 4595FDCD2861967E00E5CD2C /* NeedleGenerated.swift */; };
		4595FDD62861AAAD00E5CD2C /* RootComponent.swift in Sources */ = {isa = PBXBuildFile; fileRef = 4595FDD52861AAAD00E5CD2C /* RootComponent.swift */; };
		4595FDD92861AAF900E5CD2C /* PokemonGridComponent.swift in Sources */ = {isa = PBXBuildFile; fileRef = 4595FDD82861AAF900E5CD2C /* PokemonGridComponent.swift */; };
		4595FDDB2861AB1D00E5CD2C /* PokemonGridDependency.swift in Sources */ = {isa = PBXBuildFile; fileRef = 4595FDDA2861AB1D00E5CD2C /* PokemonGridDependency.swift */; };
		4595FDDD2861AB3600E5CD2C /* PokemonGridModule.swift in Sources */ = {isa = PBXBuildFile; fileRef = 4595FDDC2861AB3600E5CD2C /* PokemonGridModule.swift */; };
		4595FDE02861AB7F00E5CD2C /* PokemonDetailsModule.swift in Sources */ = {isa = PBXBuildFile; fileRef = 4595FDDF2861AB7F00E5CD2C /* PokemonDetailsModule.swift */; };
		4595FDE22861AB9D00E5CD2C /* PokemonDetailsDependency.swift in Sources */ = {isa = PBXBuildFile; fileRef = 4595FDE12861AB9D00E5CD2C /* PokemonDetailsDependency.swift */; };
		4595FDE42861ABB700E5CD2C /* PokemonDetailsComponent.swift in Sources */ = {isa = PBXBuildFile; fileRef = 4595FDE32861ABB700E5CD2C /* PokemonDetailsComponent.swift */; };
		4595FDE72861ABE600E5CD2C /* PokemonEvolutionGridModule.swift in Sources */ = {isa = PBXBuildFile; fileRef = 4595FDE62861ABE600E5CD2C /* PokemonEvolutionGridModule.swift */; };
		4595FDE92861AC0500E5CD2C /* PokemonEvolutionGridDependency.swift in Sources */ = {isa = PBXBuildFile; fileRef = 4595FDE82861AC0500E5CD2C /* PokemonEvolutionGridDependency.swift */; };
		4595FDEB2861AC1E00E5CD2C /* PokemonEvolutionGridComponent.swift in Sources */ = {isa = PBXBuildFile; fileRef = 4595FDEA2861AC1E00E5CD2C /* PokemonEvolutionGridComponent.swift */; };
		4595FDED2861AE2F00E5CD2C /* PokemonGridFactory.swift in Sources */ = {isa = PBXBuildFile; fileRef = 4595FDEC2861AE2F00E5CD2C /* PokemonGridFactory.swift */; };
		45E2E30B282D0C54009EBE33 /* Localizable.strings in Resources */ = {isa = PBXBuildFile; fileRef = 45E2E30A282D0C4C009EBE33 /* Localizable.strings */; };
		45E2E30E282D0CBF009EBE33 /* Localization.swift in Sources */ = {isa = PBXBuildFile; fileRef = 45E2E30D282D0CBE009EBE33 /* Localization.swift */; };
		45E2E32C282D2ABD009EBE33 /* IPokemonsService.swift in Sources */ = {isa = PBXBuildFile; fileRef = 45E2E32B282D2ABD009EBE33 /* IPokemonsService.swift */; };
		45E2E32E282D2B34009EBE33 /* PokemonsService.swift in Sources */ = {isa = PBXBuildFile; fileRef = 45E2E32D282D2B34009EBE33 /* PokemonsService.swift */; };
		45E2E331282D3181009EBE33 /* DefaultImageCache.swift in Sources */ = {isa = PBXBuildFile; fileRef = 45E2E330282D3181009EBE33 /* DefaultImageCache.swift */; };
		45E2E333282D31AB009EBE33 /* ImageCache.swift in Sources */ = {isa = PBXBuildFile; fileRef = 45E2E332282D31AB009EBE33 /* ImageCache.swift */; };
		45E2E335282D31C0009EBE33 /* ImageLoader.swift in Sources */ = {isa = PBXBuildFile; fileRef = 45E2E334282D31C0009EBE33 /* ImageLoader.swift */; };
		45E2E337282D31D5009EBE33 /* ImageLoading.swift in Sources */ = {isa = PBXBuildFile; fileRef = 45E2E336282D31D5009EBE33 /* ImageLoading.swift */; };
		45E2E339282D3200009EBE33 /* PokemonImageUrlBuilder.swift in Sources */ = {isa = PBXBuildFile; fileRef = 45E2E338282D3200009EBE33 /* PokemonImageUrlBuilder.swift */; };
		45E2E33D282D36BA009EBE33 /* PokemonGridModuleIO.swift in Sources */ = {isa = PBXBuildFile; fileRef = 45E2E33C282D36BA009EBE33 /* PokemonGridModuleIO.swift */; };
		45E2E33F282D36CD009EBE33 /* IPokemonGridPresenter.swift in Sources */ = {isa = PBXBuildFile; fileRef = 45E2E33E282D36CD009EBE33 /* IPokemonGridPresenter.swift */; };
		45E2E341282D36F6009EBE33 /* PokemonGridPresenter.swift in Sources */ = {isa = PBXBuildFile; fileRef = 45E2E340282D36F6009EBE33 /* PokemonGridPresenter.swift */; };
		45E2E343282D3738009EBE33 /* IPokemonGridView.swift in Sources */ = {isa = PBXBuildFile; fileRef = 45E2E342282D3738009EBE33 /* IPokemonGridView.swift */; };
		45E2E345282D374C009EBE33 /* PokemonGridViewController.swift in Sources */ = {isa = PBXBuildFile; fileRef = 45E2E344282D374C009EBE33 /* PokemonGridViewController.swift */; };
		45E2E348282D376A009EBE33 /* GridFooterViewModel.swift in Sources */ = {isa = PBXBuildFile; fileRef = 45E2E347282D376A009EBE33 /* GridFooterViewModel.swift */; };
		45E2E34A282D3790009EBE33 /* PokemonGridViewModel.swift in Sources */ = {isa = PBXBuildFile; fileRef = 45E2E349282D3790009EBE33 /* PokemonGridViewModel.swift */; };
		45E2E34D282D3881009EBE33 /* Coordinator.swift in Sources */ = {isa = PBXBuildFile; fileRef = 45E2E34C282D3881009EBE33 /* Coordinator.swift */; };
		45E2E350282D38B4009EBE33 /* PokemonGridCoordinator.swift in Sources */ = {isa = PBXBuildFile; fileRef = 45E2E34F282D38B4009EBE33 /* PokemonGridCoordinator.swift */; };
		45E2E352282D38E5009EBE33 /* PokemonGridCoordinatorIO.swift in Sources */ = {isa = PBXBuildFile; fileRef = 45E2E351282D38E5009EBE33 /* PokemonGridCoordinatorIO.swift */; };
		45E2E369282D6DBB009EBE33 /* Image.swift in Sources */ = {isa = PBXBuildFile; fileRef = 45E2E368282D6DBB009EBE33 /* Image.swift */; };
		45E2E36C282D6DEB009EBE33 /* Pokemon.swift in Sources */ = {isa = PBXBuildFile; fileRef = 45E2E36B282D6DEB009EBE33 /* Pokemon.swift */; };
		45E2E36F282D6E0C009EBE33 /* PokemonFactory.swift in Sources */ = {isa = PBXBuildFile; fileRef = 45E2E36E282D6E0C009EBE33 /* PokemonFactory.swift */; };
		45E2E372282D6E30009EBE33 /* PokemonPage.swift in Sources */ = {isa = PBXBuildFile; fileRef = 45E2E371282D6E30009EBE33 /* PokemonPage.swift */; };
		45E2E374282D6FB6009EBE33 /* PokemonGridViewModelFactory.swift in Sources */ = {isa = PBXBuildFile; fileRef = 45E2E373282D6FB6009EBE33 /* PokemonGridViewModelFactory.swift */; };
		45E2E377282D725C009EBE33 /* GradientView.swift in Sources */ = {isa = PBXBuildFile; fileRef = 45E2E376282D725C009EBE33 /* GradientView.swift */; };
		45E2E379282D7276009EBE33 /* SelfDescriptive.swift in Sources */ = {isa = PBXBuildFile; fileRef = 45E2E378282D7276009EBE33 /* SelfDescriptive.swift */; };
		45E2E37B282D728E009EBE33 /* Space.swift in Sources */ = {isa = PBXBuildFile; fileRef = 45E2E37A282D728E009EBE33 /* Space.swift */; };
		45E2E37E282D72E6009EBE33 /* ErrorGridFooterView.swift in Sources */ = {isa = PBXBuildFile; fileRef = 45E2E37D282D72E6009EBE33 /* ErrorGridFooterView.swift */; };
		45E2E380282D7302009EBE33 /* LoadingGridFooterView.swift in Sources */ = {isa = PBXBuildFile; fileRef = 45E2E37F282D7302009EBE33 /* LoadingGridFooterView.swift */; };
		45E2E382282D731A009EBE33 /* PokemonGridCell.swift in Sources */ = {isa = PBXBuildFile; fileRef = 45E2E381282D731A009EBE33 /* PokemonGridCell.swift */; };
		45E2E390282D7C23009EBE33 /* GridErrorView.swift in Sources */ = {isa = PBXBuildFile; fileRef = 45E2E38F282D7C23009EBE33 /* GridErrorView.swift */; };
		45E2E3A3282DB933009EBE33 /* PokemonDetailsModuleIO.swift in Sources */ = {isa = PBXBuildFile; fileRef = 45E2E3A2282DB933009EBE33 /* PokemonDetailsModuleIO.swift */; };
		45E2E3A6282DB97A009EBE33 /* IPokemonDetailsPresenter.swift in Sources */ = {isa = PBXBuildFile; fileRef = 45E2E3A5282DB97A009EBE33 /* IPokemonDetailsPresenter.swift */; };
		45E2E3A8282DBA22009EBE33 /* PokemonDetailsPresenter.swift in Sources */ = {isa = PBXBuildFile; fileRef = 45E2E3A7282DBA22009EBE33 /* PokemonDetailsPresenter.swift */; };
		45E2E3AB282DBAAA009EBE33 /* IPokemonDetailsView.swift in Sources */ = {isa = PBXBuildFile; fileRef = 45E2E3AA282DBAAA009EBE33 /* IPokemonDetailsView.swift */; };
		45E2E3AD282DBAC4009EBE33 /* PokemonDetailsViewController.swift in Sources */ = {isa = PBXBuildFile; fileRef = 45E2E3AC282DBAC4009EBE33 /* PokemonDetailsViewController.swift */; };
		45E2E3B0282DBAE8009EBE33 /* PokemonDetailsViewModel.swift in Sources */ = {isa = PBXBuildFile; fileRef = 45E2E3AF282DBAE8009EBE33 /* PokemonDetailsViewModel.swift */; };
		45E2E3B3282DBC1C009EBE33 /* PokemonDetailsCoordinator.swift in Sources */ = {isa = PBXBuildFile; fileRef = 45E2E3B2282DBC1C009EBE33 /* PokemonDetailsCoordinator.swift */; };
		45E2E3B5282DBC47009EBE33 /* PokemonDetailsCoordinatorIO.swift in Sources */ = {isa = PBXBuildFile; fileRef = 45E2E3B4282DBC47009EBE33 /* PokemonDetailsCoordinatorIO.swift */; };
		45E2E3B8282DBE0C009EBE33 /* PokemonDetails.swift in Sources */ = {isa = PBXBuildFile; fileRef = 45E2E3B7282DBE0C009EBE33 /* PokemonDetails.swift */; };
		45E2E3BA282DBE27009EBE33 /* PokemonDetailsFactory.swift in Sources */ = {isa = PBXBuildFile; fileRef = 45E2E3B9282DBE27009EBE33 /* PokemonDetailsFactory.swift */; };
		45E2E3BC282DBF8A009EBE33 /* PokemonDetailsViewModelFactory.swift in Sources */ = {isa = PBXBuildFile; fileRef = 45E2E3BB282DBF8A009EBE33 /* PokemonDetailsViewModelFactory.swift */; };
		45E2E3BF282DC078009EBE33 /* CharacteristicView.swift in Sources */ = {isa = PBXBuildFile; fileRef = 45E2E3BE282DC078009EBE33 /* CharacteristicView.swift */; };
		45E2E3C1282DC08D009EBE33 /* TagView.swift in Sources */ = {isa = PBXBuildFile; fileRef = 45E2E3C0282DC08D009EBE33 /* TagView.swift */; };
		45E2E3C3282DC0A0009EBE33 /* PokemonInfoView.swift in Sources */ = {isa = PBXBuildFile; fileRef = 45E2E3C2282DC0A0009EBE33 /* PokemonInfoView.swift */; };
		45E2E3C6282E2CA7009EBE33 /* PokemonEvolutionGridModuleIO.swift in Sources */ = {isa = PBXBuildFile; fileRef = 45E2E3C5282E2CA6009EBE33 /* PokemonEvolutionGridModuleIO.swift */; };
		45E2E3C9282E2CC9009EBE33 /* IPokemonEvolutionGridPresenter.swift in Sources */ = {isa = PBXBuildFile; fileRef = 45E2E3C8282E2CC9009EBE33 /* IPokemonEvolutionGridPresenter.swift */; };
		45E2E3CB282E2CE0009EBE33 /* PokemonEvolutionGridPresenter.swift in Sources */ = {isa = PBXBuildFile; fileRef = 45E2E3CA282E2CE0009EBE33 /* PokemonEvolutionGridPresenter.swift */; };
		45E2E3CE282E2D0D009EBE33 /* IPokemonEvolutionGridView.swift in Sources */ = {isa = PBXBuildFile; fileRef = 45E2E3CD282E2D0D009EBE33 /* IPokemonEvolutionGridView.swift */; };
		45E2E3D0282E2D2E009EBE33 /* PokemonEvolutionGridViewController.swift in Sources */ = {isa = PBXBuildFile; fileRef = 45E2E3CF282E2D2E009EBE33 /* PokemonEvolutionGridViewController.swift */; };
		45FA611E28649077000CB709 /* EmptyViewController.swift in Sources */ = {isa = PBXBuildFile; fileRef = 45FA611D28649077000CB709 /* EmptyViewController.swift */; };
		45FA612128649426000CB709 /* UIViewController+.swift in Sources */ = {isa = PBXBuildFile; fileRef = 45FA612028649426000CB709 /* UIViewController+.swift */; };
		45FA61242865B00F000CB709 /* NeedleGenerated.swift in Sources */ = {isa = PBXBuildFile; fileRef = 45FA61232865B00F000CB709 /* NeedleGenerated.swift */; };
		45FA61272865B26B000CB709 /* ImageLoaderTestsDependencies.swift in Sources */ = {isa = PBXBuildFile; fileRef = 45FA61262865B26B000CB709 /* ImageLoaderTestsDependencies.swift */; };
		45FA612A2865B906000CB709 /* NeedleFoundation in Frameworks */ = {isa = PBXBuildFile; productRef = 45FA61292865B906000CB709 /* NeedleFoundation */; };
		CE4C9CAB2820167200FEA589 /* AppDelegate.swift in Sources */ = {isa = PBXBuildFile; fileRef = CE4C9CAA2820167200FEA589 /* AppDelegate.swift */; };
		CE4C9CAD2820167200FEA589 /* SceneDelegate.swift in Sources */ = {isa = PBXBuildFile; fileRef = CE4C9CAC2820167200FEA589 /* SceneDelegate.swift */; };
		CE4C9CB42820167300FEA589 /* Assets.xcassets in Resources */ = {isa = PBXBuildFile; fileRef = CE4C9CB32820167300FEA589 /* Assets.xcassets */; };
		CE4C9CB72820167300FEA589 /* LaunchScreen.storyboard in Resources */ = {isa = PBXBuildFile; fileRef = CE4C9CB52820167300FEA589 /* LaunchScreen.storyboard */; };
		CE9303C32822706E0057188E /* Species.swift in Sources */ = {isa = PBXBuildFile; fileRef = CE9303C22822706E0057188E /* Species.swift */; };
		CE9303C5282270F60057188E /* EvolutionChain.swift in Sources */ = {isa = PBXBuildFile; fileRef = CE9303C4282270F60057188E /* EvolutionChain.swift */; };
		CE9303CA282271990057188E /* APIRoute.swift in Sources */ = {isa = PBXBuildFile; fileRef = CE9303C9282271990057188E /* APIRoute.swift */; };
		CE9303CC2822741F0057188E /* RequestHandling.swift in Sources */ = {isa = PBXBuildFile; fileRef = CE9303CB2822741F0057188E /* RequestHandling.swift */; };
		CE9303CE282274C30057188E /* RequestHandler.swift in Sources */ = {isa = PBXBuildFile; fileRef = CE9303CD282274C30057188E /* RequestHandler.swift */; };
		CE9303D92822D1D30057188E /* SpeciesDetails.swift in Sources */ = {isa = PBXBuildFile; fileRef = CE9303D82822D1D30057188E /* SpeciesDetails.swift */; };
/* End PBXBuildFile section */

/* Begin PBXContainerItemProxy section */
		45396169282EF81A009F7328 /* PBXContainerItemProxy */ = {
			isa = PBXContainerItemProxy;
			containerPortal = CE4C9C9F2820167200FEA589 /* Project object */;
			proxyType = 1;
			remoteGlobalIDString = CE4C9CA62820167200FEA589;
			remoteInfo = CataPoke;
		};
/* End PBXContainerItemProxy section */

/* Begin PBXCopyFilesBuildPhase section */
		4535B227285CD702007A1BFF /* Embed Frameworks */ = {
			isa = PBXCopyFilesBuildPhase;
			buildActionMask = 2147483647;
			dstPath = "";
			dstSubfolderSpec = 10;
			files = (
			);
			name = "Embed Frameworks";
			runOnlyForDeploymentPostprocessing = 0;
		};
/* End PBXCopyFilesBuildPhase section */

/* Begin PBXFileReference section */
		2A0FA8537E0263804796F767 /* Pods-CataPokeTests.release.xcconfig */ = {isa = PBXFileReference; includeInIndex = 1; lastKnownFileType = text.xcconfig; name = "Pods-CataPokeTests.release.xcconfig"; path = "Target Support Files/Pods-CataPokeTests/Pods-CataPokeTests.release.xcconfig"; sourceTree = "<group>"; };
		4535B21C285C75A3007A1BFF /* StepAction.swift */ = {isa = PBXFileReference; lastKnownFileType = sourcecode.swift; path = StepAction.swift; sourceTree = "<group>"; };
		4535B21E285C75D2007A1BFF /* AppStep.swift */ = {isa = PBXFileReference; lastKnownFileType = sourcecode.swift; path = AppStep.swift; sourceTree = "<group>"; };
		4539615B282EF6AF009F7328 /* NetworkRequestHandling.swift */ = {isa = PBXFileReference; lastKnownFileType = sourcecode.swift; path = NetworkRequestHandling.swift; sourceTree = "<group>"; };
		4539615D282EF6D0009F7328 /* URLSessionNetworkRequestHandler.swift */ = {isa = PBXFileReference; lastKnownFileType = sourcecode.swift; path = URLSessionNetworkRequestHandler.swift; sourceTree = "<group>"; };
		4539615F282EF7E0009F7328 /* NetworkRequestError.swift */ = {isa = PBXFileReference; lastKnownFileType = sourcecode.swift; path = NetworkRequestError.swift; sourceTree = "<group>"; };
		45396165282EF81A009F7328 /* CataPokeTests.xctest */ = {isa = PBXFileReference; explicitFileType = wrapper.cfbundle; includeInIndex = 0; path = CataPokeTests.xctest; sourceTree = BUILT_PRODUCTS_DIR; };
		45396167282EF81A009F7328 /* ImageLoaderTests.swift */ = {isa = PBXFileReference; lastKnownFileType = sourcecode.swift; path = ImageLoaderTests.swift; sourceTree = "<group>"; };
		45396171282EFD32009F7328 /* AutoMockable.generated.swift */ = {isa = PBXFileReference; fileEncoding = 4; lastKnownFileType = sourcecode.swift; path = AutoMockable.generated.swift; sourceTree = "<group>"; };
		45396174282EFD56009F7328 /* CataPokeTestError.swift */ = {isa = PBXFileReference; lastKnownFileType = sourcecode.swift; path = CataPokeTestError.swift; sourceTree = "<group>"; };
		4595FDCD2861967E00E5CD2C /* NeedleGenerated.swift */ = {isa = PBXFileReference; fileEncoding = 4; lastKnownFileType = sourcecode.swift; path = NeedleGenerated.swift; sourceTree = "<group>"; };
		4595FDD52861AAAD00E5CD2C /* RootComponent.swift */ = {isa = PBXFileReference; lastKnownFileType = sourcecode.swift; path = RootComponent.swift; sourceTree = "<group>"; };
		4595FDD82861AAF900E5CD2C /* PokemonGridComponent.swift */ = {isa = PBXFileReference; lastKnownFileType = sourcecode.swift; path = PokemonGridComponent.swift; sourceTree = "<group>"; };
		4595FDDA2861AB1D00E5CD2C /* PokemonGridDependency.swift */ = {isa = PBXFileReference; lastKnownFileType = sourcecode.swift; path = PokemonGridDependency.swift; sourceTree = "<group>"; };
		4595FDDC2861AB3600E5CD2C /* PokemonGridModule.swift */ = {isa = PBXFileReference; lastKnownFileType = sourcecode.swift; path = PokemonGridModule.swift; sourceTree = "<group>"; };
		4595FDDF2861AB7F00E5CD2C /* PokemonDetailsModule.swift */ = {isa = PBXFileReference; lastKnownFileType = sourcecode.swift; path = PokemonDetailsModule.swift; sourceTree = "<group>"; };
		4595FDE12861AB9D00E5CD2C /* PokemonDetailsDependency.swift */ = {isa = PBXFileReference; lastKnownFileType = sourcecode.swift; path = PokemonDetailsDependency.swift; sourceTree = "<group>"; };
		4595FDE32861ABB700E5CD2C /* PokemonDetailsComponent.swift */ = {isa = PBXFileReference; lastKnownFileType = sourcecode.swift; path = PokemonDetailsComponent.swift; sourceTree = "<group>"; };
		4595FDE62861ABE600E5CD2C /* PokemonEvolutionGridModule.swift */ = {isa = PBXFileReference; lastKnownFileType = sourcecode.swift; path = PokemonEvolutionGridModule.swift; sourceTree = "<group>"; };
		4595FDE82861AC0500E5CD2C /* PokemonEvolutionGridDependency.swift */ = {isa = PBXFileReference; lastKnownFileType = sourcecode.swift; path = PokemonEvolutionGridDependency.swift; sourceTree = "<group>"; };
		4595FDEA2861AC1E00E5CD2C /* PokemonEvolutionGridComponent.swift */ = {isa = PBXFileReference; lastKnownFileType = sourcecode.swift; path = PokemonEvolutionGridComponent.swift; sourceTree = "<group>"; };
		4595FDEC2861AE2F00E5CD2C /* PokemonGridFactory.swift */ = {isa = PBXFileReference; lastKnownFileType = sourcecode.swift; path = PokemonGridFactory.swift; sourceTree = "<group>"; };
		45E2E30A282D0C4C009EBE33 /* Localizable.strings */ = {isa = PBXFileReference; lastKnownFileType = text.plist.strings; path = Localizable.strings; sourceTree = "<group>"; };
		45E2E30D282D0CBE009EBE33 /* Localization.swift */ = {isa = PBXFileReference; fileEncoding = 4; lastKnownFileType = sourcecode.swift; path = Localization.swift; sourceTree = "<group>"; };
		45E2E32B282D2ABD009EBE33 /* IPokemonsService.swift */ = {isa = PBXFileReference; lastKnownFileType = sourcecode.swift; path = IPokemonsService.swift; sourceTree = "<group>"; };
		45E2E32D282D2B34009EBE33 /* PokemonsService.swift */ = {isa = PBXFileReference; lastKnownFileType = sourcecode.swift; path = PokemonsService.swift; sourceTree = "<group>"; };
		45E2E330282D3181009EBE33 /* DefaultImageCache.swift */ = {isa = PBXFileReference; lastKnownFileType = sourcecode.swift; path = DefaultImageCache.swift; sourceTree = "<group>"; };
		45E2E332282D31AB009EBE33 /* ImageCache.swift */ = {isa = PBXFileReference; lastKnownFileType = sourcecode.swift; path = ImageCache.swift; sourceTree = "<group>"; };
		45E2E334282D31C0009EBE33 /* ImageLoader.swift */ = {isa = PBXFileReference; lastKnownFileType = sourcecode.swift; path = ImageLoader.swift; sourceTree = "<group>"; };
		45E2E336282D31D5009EBE33 /* ImageLoading.swift */ = {isa = PBXFileReference; lastKnownFileType = sourcecode.swift; path = ImageLoading.swift; sourceTree = "<group>"; };
		45E2E338282D3200009EBE33 /* PokemonImageUrlBuilder.swift */ = {isa = PBXFileReference; lastKnownFileType = sourcecode.swift; path = PokemonImageUrlBuilder.swift; sourceTree = "<group>"; };
		45E2E33C282D36BA009EBE33 /* PokemonGridModuleIO.swift */ = {isa = PBXFileReference; lastKnownFileType = sourcecode.swift; path = PokemonGridModuleIO.swift; sourceTree = "<group>"; };
		45E2E33E282D36CD009EBE33 /* IPokemonGridPresenter.swift */ = {isa = PBXFileReference; lastKnownFileType = sourcecode.swift; path = IPokemonGridPresenter.swift; sourceTree = "<group>"; };
		45E2E340282D36F6009EBE33 /* PokemonGridPresenter.swift */ = {isa = PBXFileReference; lastKnownFileType = sourcecode.swift; path = PokemonGridPresenter.swift; sourceTree = "<group>"; };
		45E2E342282D3738009EBE33 /* IPokemonGridView.swift */ = {isa = PBXFileReference; lastKnownFileType = sourcecode.swift; path = IPokemonGridView.swift; sourceTree = "<group>"; };
		45E2E344282D374C009EBE33 /* PokemonGridViewController.swift */ = {isa = PBXFileReference; lastKnownFileType = sourcecode.swift; path = PokemonGridViewController.swift; sourceTree = "<group>"; };
		45E2E347282D376A009EBE33 /* GridFooterViewModel.swift */ = {isa = PBXFileReference; lastKnownFileType = sourcecode.swift; path = GridFooterViewModel.swift; sourceTree = "<group>"; };
		45E2E349282D3790009EBE33 /* PokemonGridViewModel.swift */ = {isa = PBXFileReference; lastKnownFileType = sourcecode.swift; path = PokemonGridViewModel.swift; sourceTree = "<group>"; };
		45E2E34C282D3881009EBE33 /* Coordinator.swift */ = {isa = PBXFileReference; lastKnownFileType = sourcecode.swift; path = Coordinator.swift; sourceTree = "<group>"; };
		45E2E34F282D38B4009EBE33 /* PokemonGridCoordinator.swift */ = {isa = PBXFileReference; lastKnownFileType = sourcecode.swift; path = PokemonGridCoordinator.swift; sourceTree = "<group>"; };
		45E2E351282D38E5009EBE33 /* PokemonGridCoordinatorIO.swift */ = {isa = PBXFileReference; lastKnownFileType = sourcecode.swift; path = PokemonGridCoordinatorIO.swift; sourceTree = "<group>"; };
		45E2E368282D6DBB009EBE33 /* Image.swift */ = {isa = PBXFileReference; lastKnownFileType = sourcecode.swift; path = Image.swift; sourceTree = "<group>"; };
		45E2E36B282D6DEB009EBE33 /* Pokemon.swift */ = {isa = PBXFileReference; lastKnownFileType = sourcecode.swift; path = Pokemon.swift; sourceTree = "<group>"; };
		45E2E36E282D6E0C009EBE33 /* PokemonFactory.swift */ = {isa = PBXFileReference; lastKnownFileType = sourcecode.swift; path = PokemonFactory.swift; sourceTree = "<group>"; };
		45E2E371282D6E30009EBE33 /* PokemonPage.swift */ = {isa = PBXFileReference; lastKnownFileType = sourcecode.swift; path = PokemonPage.swift; sourceTree = "<group>"; };
		45E2E373282D6FB6009EBE33 /* PokemonGridViewModelFactory.swift */ = {isa = PBXFileReference; lastKnownFileType = sourcecode.swift; path = PokemonGridViewModelFactory.swift; sourceTree = "<group>"; };
		45E2E376282D725C009EBE33 /* GradientView.swift */ = {isa = PBXFileReference; lastKnownFileType = sourcecode.swift; path = GradientView.swift; sourceTree = "<group>"; };
		45E2E378282D7276009EBE33 /* SelfDescriptive.swift */ = {isa = PBXFileReference; lastKnownFileType = sourcecode.swift; path = SelfDescriptive.swift; sourceTree = "<group>"; };
		45E2E37A282D728E009EBE33 /* Space.swift */ = {isa = PBXFileReference; lastKnownFileType = sourcecode.swift; path = Space.swift; sourceTree = "<group>"; };
		45E2E37D282D72E6009EBE33 /* ErrorGridFooterView.swift */ = {isa = PBXFileReference; lastKnownFileType = sourcecode.swift; path = ErrorGridFooterView.swift; sourceTree = "<group>"; };
		45E2E37F282D7302009EBE33 /* LoadingGridFooterView.swift */ = {isa = PBXFileReference; lastKnownFileType = sourcecode.swift; path = LoadingGridFooterView.swift; sourceTree = "<group>"; };
		45E2E381282D731A009EBE33 /* PokemonGridCell.swift */ = {isa = PBXFileReference; lastKnownFileType = sourcecode.swift; path = PokemonGridCell.swift; sourceTree = "<group>"; };
		45E2E38F282D7C23009EBE33 /* GridErrorView.swift */ = {isa = PBXFileReference; lastKnownFileType = sourcecode.swift; path = GridErrorView.swift; sourceTree = "<group>"; };
		45E2E3A2282DB933009EBE33 /* PokemonDetailsModuleIO.swift */ = {isa = PBXFileReference; lastKnownFileType = sourcecode.swift; path = PokemonDetailsModuleIO.swift; sourceTree = "<group>"; };
		45E2E3A5282DB97A009EBE33 /* IPokemonDetailsPresenter.swift */ = {isa = PBXFileReference; lastKnownFileType = sourcecode.swift; path = IPokemonDetailsPresenter.swift; sourceTree = "<group>"; };
		45E2E3A7282DBA22009EBE33 /* PokemonDetailsPresenter.swift */ = {isa = PBXFileReference; lastKnownFileType = sourcecode.swift; path = PokemonDetailsPresenter.swift; sourceTree = "<group>"; };
		45E2E3AA282DBAAA009EBE33 /* IPokemonDetailsView.swift */ = {isa = PBXFileReference; lastKnownFileType = sourcecode.swift; path = IPokemonDetailsView.swift; sourceTree = "<group>"; };
		45E2E3AC282DBAC4009EBE33 /* PokemonDetailsViewController.swift */ = {isa = PBXFileReference; lastKnownFileType = sourcecode.swift; path = PokemonDetailsViewController.swift; sourceTree = "<group>"; };
		45E2E3AF282DBAE8009EBE33 /* PokemonDetailsViewModel.swift */ = {isa = PBXFileReference; lastKnownFileType = sourcecode.swift; path = PokemonDetailsViewModel.swift; sourceTree = "<group>"; };
		45E2E3B2282DBC1C009EBE33 /* PokemonDetailsCoordinator.swift */ = {isa = PBXFileReference; lastKnownFileType = sourcecode.swift; path = PokemonDetailsCoordinator.swift; sourceTree = "<group>"; };
		45E2E3B4282DBC47009EBE33 /* PokemonDetailsCoordinatorIO.swift */ = {isa = PBXFileReference; lastKnownFileType = sourcecode.swift; path = PokemonDetailsCoordinatorIO.swift; sourceTree = "<group>"; };
		45E2E3B7282DBE0C009EBE33 /* PokemonDetails.swift */ = {isa = PBXFileReference; lastKnownFileType = sourcecode.swift; path = PokemonDetails.swift; sourceTree = "<group>"; };
		45E2E3B9282DBE27009EBE33 /* PokemonDetailsFactory.swift */ = {isa = PBXFileReference; lastKnownFileType = sourcecode.swift; path = PokemonDetailsFactory.swift; sourceTree = "<group>"; };
		45E2E3BB282DBF8A009EBE33 /* PokemonDetailsViewModelFactory.swift */ = {isa = PBXFileReference; lastKnownFileType = sourcecode.swift; path = PokemonDetailsViewModelFactory.swift; sourceTree = "<group>"; };
		45E2E3BE282DC078009EBE33 /* CharacteristicView.swift */ = {isa = PBXFileReference; lastKnownFileType = sourcecode.swift; path = CharacteristicView.swift; sourceTree = "<group>"; };
		45E2E3C0282DC08D009EBE33 /* TagView.swift */ = {isa = PBXFileReference; lastKnownFileType = sourcecode.swift; path = TagView.swift; sourceTree = "<group>"; };
		45E2E3C2282DC0A0009EBE33 /* PokemonInfoView.swift */ = {isa = PBXFileReference; lastKnownFileType = sourcecode.swift; path = PokemonInfoView.swift; sourceTree = "<group>"; };
		45E2E3C5282E2CA6009EBE33 /* PokemonEvolutionGridModuleIO.swift */ = {isa = PBXFileReference; lastKnownFileType = sourcecode.swift; path = PokemonEvolutionGridModuleIO.swift; sourceTree = "<group>"; };
		45E2E3C8282E2CC9009EBE33 /* IPokemonEvolutionGridPresenter.swift */ = {isa = PBXFileReference; lastKnownFileType = sourcecode.swift; path = IPokemonEvolutionGridPresenter.swift; sourceTree = "<group>"; };
		45E2E3CA282E2CE0009EBE33 /* PokemonEvolutionGridPresenter.swift */ = {isa = PBXFileReference; lastKnownFileType = sourcecode.swift; path = PokemonEvolutionGridPresenter.swift; sourceTree = "<group>"; };
		45E2E3CD282E2D0D009EBE33 /* IPokemonEvolutionGridView.swift */ = {isa = PBXFileReference; lastKnownFileType = sourcecode.swift; path = IPokemonEvolutionGridView.swift; sourceTree = "<group>"; };
		45E2E3CF282E2D2E009EBE33 /* PokemonEvolutionGridViewController.swift */ = {isa = PBXFileReference; lastKnownFileType = sourcecode.swift; path = PokemonEvolutionGridViewController.swift; sourceTree = "<group>"; };
		45FA611D28649077000CB709 /* EmptyViewController.swift */ = {isa = PBXFileReference; lastKnownFileType = sourcecode.swift; path = EmptyViewController.swift; sourceTree = "<group>"; };
		45FA612028649426000CB709 /* UIViewController+.swift */ = {isa = PBXFileReference; lastKnownFileType = sourcecode.swift; path = "UIViewController+.swift"; sourceTree = "<group>"; };
		45FA61232865B00F000CB709 /* NeedleGenerated.swift */ = {isa = PBXFileReference; fileEncoding = 4; lastKnownFileType = sourcecode.swift; path = NeedleGenerated.swift; sourceTree = "<group>"; };
		45FA61262865B26B000CB709 /* ImageLoaderTestsDependencies.swift */ = {isa = PBXFileReference; lastKnownFileType = sourcecode.swift; path = ImageLoaderTestsDependencies.swift; sourceTree = "<group>"; };
		4F81FAFB64F154D1591FB9AC /* Pods-CataPoke.debug.xcconfig */ = {isa = PBXFileReference; includeInIndex = 1; lastKnownFileType = text.xcconfig; name = "Pods-CataPoke.debug.xcconfig"; path = "Target Support Files/Pods-CataPoke/Pods-CataPoke.debug.xcconfig"; sourceTree = "<group>"; };
		7421B87C21C9F8C132AEE9D7 /* Pods-CataPokeTests.debug.xcconfig */ = {isa = PBXFileReference; includeInIndex = 1; lastKnownFileType = text.xcconfig; name = "Pods-CataPokeTests.debug.xcconfig"; path = "Target Support Files/Pods-CataPokeTests/Pods-CataPokeTests.debug.xcconfig"; sourceTree = "<group>"; };
		AEFDC978EC37B059911549D5 /* Pods-CataPoke.release.xcconfig */ = {isa = PBXFileReference; includeInIndex = 1; lastKnownFileType = text.xcconfig; name = "Pods-CataPoke.release.xcconfig"; path = "Target Support Files/Pods-CataPoke/Pods-CataPoke.release.xcconfig"; sourceTree = "<group>"; };
		CE4C9CA72820167200FEA589 /* CataPoke.app */ = {isa = PBXFileReference; explicitFileType = wrapper.application; includeInIndex = 0; path = CataPoke.app; sourceTree = BUILT_PRODUCTS_DIR; };
		CE4C9CAA2820167200FEA589 /* AppDelegate.swift */ = {isa = PBXFileReference; lastKnownFileType = sourcecode.swift; path = AppDelegate.swift; sourceTree = "<group>"; };
		CE4C9CAC2820167200FEA589 /* SceneDelegate.swift */ = {isa = PBXFileReference; lastKnownFileType = sourcecode.swift; path = SceneDelegate.swift; sourceTree = "<group>"; };
		CE4C9CB32820167300FEA589 /* Assets.xcassets */ = {isa = PBXFileReference; lastKnownFileType = folder.assetcatalog; path = Assets.xcassets; sourceTree = "<group>"; };
		CE4C9CB62820167300FEA589 /* Base */ = {isa = PBXFileReference; lastKnownFileType = file.storyboard; name = Base; path = Base.lproj/LaunchScreen.storyboard; sourceTree = "<group>"; };
		CE4C9CB82820167300FEA589 /* Info.plist */ = {isa = PBXFileReference; lastKnownFileType = text.plist.xml; path = Info.plist; sourceTree = "<group>"; };
		CE9303C22822706E0057188E /* Species.swift */ = {isa = PBXFileReference; lastKnownFileType = sourcecode.swift; path = Species.swift; sourceTree = "<group>"; };
		CE9303C4282270F60057188E /* EvolutionChain.swift */ = {isa = PBXFileReference; lastKnownFileType = sourcecode.swift; path = EvolutionChain.swift; sourceTree = "<group>"; };
		CE9303C9282271990057188E /* APIRoute.swift */ = {isa = PBXFileReference; lastKnownFileType = sourcecode.swift; path = APIRoute.swift; sourceTree = "<group>"; };
		CE9303CB2822741F0057188E /* RequestHandling.swift */ = {isa = PBXFileReference; lastKnownFileType = sourcecode.swift; path = RequestHandling.swift; sourceTree = "<group>"; };
		CE9303CD282274C30057188E /* RequestHandler.swift */ = {isa = PBXFileReference; lastKnownFileType = sourcecode.swift; path = RequestHandler.swift; sourceTree = "<group>"; };
		CE9303D52822D0200057188E /* README.md */ = {isa = PBXFileReference; fileEncoding = 4; lastKnownFileType = net.daringfireball.markdown; path = README.md; sourceTree = "<group>"; };
		CE9303D82822D1D30057188E /* SpeciesDetails.swift */ = {isa = PBXFileReference; lastKnownFileType = sourcecode.swift; path = SpeciesDetails.swift; sourceTree = "<group>"; };
/* End PBXFileReference section */

/* Begin PBXFrameworksBuildPhase section */
		45396162282EF81A009F7328 /* Frameworks */ = {
			isa = PBXFrameworksBuildPhase;
			buildActionMask = 2147483647;
			files = (
			);
			runOnlyForDeploymentPostprocessing = 0;
		};
		CE4C9CA42820167200FEA589 /* Frameworks */ = {
			isa = PBXFrameworksBuildPhase;
			buildActionMask = 2147483647;
			files = (
				45FA612A2865B906000CB709 /* NeedleFoundation in Frameworks */,
			);
			runOnlyForDeploymentPostprocessing = 0;
		};
/* End PBXFrameworksBuildPhase section */

/* Begin PBXGroup section */
		184C62093601A134C74AD8CC /* Frameworks */ = {
			isa = PBXGroup;
			children = (
			);
			name = Frameworks;
			sourceTree = "<group>";
		};
		4535B21B285C7593007A1BFF /* Navigation */ = {
			isa = PBXGroup;
			children = (
				45E2E34C282D3881009EBE33 /* Coordinator.swift */,
				4535B21C285C75A3007A1BFF /* StepAction.swift */,
				4535B21E285C75D2007A1BFF /* AppStep.swift */,
			);
			path = Navigation;
			sourceTree = "<group>";
		};
		4539615A282EF6A3009F7328 /* NetworkRequest */ = {
			isa = PBXGroup;
			children = (
				4539615B282EF6AF009F7328 /* NetworkRequestHandling.swift */,
				4539615D282EF6D0009F7328 /* URLSessionNetworkRequestHandler.swift */,
				4539615F282EF7E0009F7328 /* NetworkRequestError.swift */,
			);
			path = NetworkRequest;
			sourceTree = "<group>";
		};
		45396166282EF81A009F7328 /* CataPokeTests */ = {
			isa = PBXGroup;
			children = (
				45396173282EFD4D009F7328 /* Common */,
				45396170282EFD32009F7328 /* Mocks */,
				45396167282EF81A009F7328 /* ImageLoaderTests.swift */,
			);
			path = CataPokeTests;
			sourceTree = "<group>";
		};
		45396170282EFD32009F7328 /* Mocks */ = {
			isa = PBXGroup;
			children = (
				45FA61252865B25C000CB709 /* Dependencies */,
				45FA61232865B00F000CB709 /* NeedleGenerated.swift */,
				45396171282EFD32009F7328 /* AutoMockable.generated.swift */,
			);
			path = Mocks;
			sourceTree = "<group>";
		};
		45396173282EFD4D009F7328 /* Common */ = {
			isa = PBXGroup;
			children = (
				45396174282EFD56009F7328 /* CataPokeTestError.swift */,
			);
			path = Common;
			sourceTree = "<group>";
		};
		4595FDD72861AAED00E5CD2C /* PokemonGrid */ = {
			isa = PBXGroup;
			children = (
				4595FDD82861AAF900E5CD2C /* PokemonGridComponent.swift */,
				4595FDDA2861AB1D00E5CD2C /* PokemonGridDependency.swift */,
				4595FDDC2861AB3600E5CD2C /* PokemonGridModule.swift */,
				4595FDEC2861AE2F00E5CD2C /* PokemonGridFactory.swift */,
			);
			path = PokemonGrid;
			sourceTree = "<group>";
		};
		4595FDDE2861AB7100E5CD2C /* PokemonDetails */ = {
			isa = PBXGroup;
			children = (
				4595FDDF2861AB7F00E5CD2C /* PokemonDetailsModule.swift */,
				4595FDE12861AB9D00E5CD2C /* PokemonDetailsDependency.swift */,
				4595FDE32861ABB700E5CD2C /* PokemonDetailsComponent.swift */,
			);
			path = PokemonDetails;
			sourceTree = "<group>";
		};
		4595FDE52861ABD800E5CD2C /* PokemonEvolutionGrid */ = {
			isa = PBXGroup;
			children = (
				4595FDE62861ABE600E5CD2C /* PokemonEvolutionGridModule.swift */,
				4595FDE82861AC0500E5CD2C /* PokemonEvolutionGridDependency.swift */,
				4595FDEA2861AC1E00E5CD2C /* PokemonEvolutionGridComponent.swift */,
			);
			path = PokemonEvolutionGrid;
			sourceTree = "<group>";
		};
		45E2E30C282D0CAA009EBE33 /* Localization */ = {
			isa = PBXGroup;
			children = (
				45E2E30D282D0CBE009EBE33 /* Localization.swift */,
				45E2E30A282D0C4C009EBE33 /* Localizable.strings */,
			);
			path = Localization;
			sourceTree = "<group>";
		};
		45E2E30F282D13D5009EBE33 /* Resources */ = {
			isa = PBXGroup;
			children = (
				CE4C9CB32820167300FEA589 /* Assets.xcassets */,
				45E2E30C282D0CAA009EBE33 /* Localization */,
			);
			path = Resources;
			sourceTree = "<group>";
		};
		45E2E310282D1400009EBE33 /* UserStories */ = {
			isa = PBXGroup;
			children = (
				45E2E3C4282E2C95009EBE33 /* PokemonEvolutionGrid */,
				CE9303CF282279F60057188E /* PokemonGrid */,
				CE9303D22822A9230057188E /* Details */,
			);
			path = UserStories;
			sourceTree = "<group>";
		};
		45E2E311282D141A009EBE33 /* Services */ = {
			isa = PBXGroup;
			children = (
				4539615A282EF6A3009F7328 /* NetworkRequest */,
				45E2E32F282D3176009EBE33 /* Image */,
				45E2E32A282D2AAD009EBE33 /* Pokemons */,
				45E2E313282D1793009EBE33 /* DI */,
				CE9303C128226EDC0057188E /* Models */,
				CE9303C8282271730057188E /* PokemonNetwork */,
			);
			path = Services;
			sourceTree = "<group>";
		};
		45E2E312282D142D009EBE33 /* Application */ = {
			isa = PBXGroup;
			children = (
				CE4C9CB82820167300FEA589 /* Info.plist */,
				CE4C9CB52820167300FEA589 /* LaunchScreen.storyboard */,
				CE4C9CAC2820167200FEA589 /* SceneDelegate.swift */,
				CE4C9CAA2820167200FEA589 /* AppDelegate.swift */,
			);
			path = Application;
			sourceTree = "<group>";
		};
		45E2E313282D1793009EBE33 /* DI */ = {
			isa = PBXGroup;
			children = (
				4595FDE52861ABD800E5CD2C /* PokemonEvolutionGrid */,
				4595FDDE2861AB7100E5CD2C /* PokemonDetails */,
				4595FDD72861AAED00E5CD2C /* PokemonGrid */,
				4595FDCD2861967E00E5CD2C /* NeedleGenerated.swift */,
				4595FDD52861AAAD00E5CD2C /* RootComponent.swift */,
			);
			path = DI;
			sourceTree = "<group>";
		};
		45E2E32A282D2AAD009EBE33 /* Pokemons */ = {
			isa = PBXGroup;
			children = (
				45E2E32B282D2ABD009EBE33 /* IPokemonsService.swift */,
				45E2E32D282D2B34009EBE33 /* PokemonsService.swift */,
			);
			path = Pokemons;
			sourceTree = "<group>";
		};
		45E2E32F282D3176009EBE33 /* Image */ = {
			isa = PBXGroup;
			children = (
				45E2E330282D3181009EBE33 /* DefaultImageCache.swift */,
				45E2E332282D31AB009EBE33 /* ImageCache.swift */,
				45E2E334282D31C0009EBE33 /* ImageLoader.swift */,
				45E2E336282D31D5009EBE33 /* ImageLoading.swift */,
				45E2E338282D3200009EBE33 /* PokemonImageUrlBuilder.swift */,
			);
			path = Image;
			sourceTree = "<group>";
		};
		45E2E33A282D36A0009EBE33 /* View */ = {
			isa = PBXGroup;
			children = (
				45E2E37C282D72DC009EBE33 /* Views */,
				45E2E342282D3738009EBE33 /* IPokemonGridView.swift */,
				45E2E344282D374C009EBE33 /* PokemonGridViewController.swift */,
			);
			path = View;
			sourceTree = "<group>";
		};
		45E2E33B282D36A6009EBE33 /* Presenter */ = {
			isa = PBXGroup;
			children = (
				45E2E33E282D36CD009EBE33 /* IPokemonGridPresenter.swift */,
				45E2E340282D36F6009EBE33 /* PokemonGridPresenter.swift */,
			);
			path = Presenter;
			sourceTree = "<group>";
		};
		45E2E346282D375B009EBE33 /* ViewModel */ = {
			isa = PBXGroup;
			children = (
				45E2E347282D376A009EBE33 /* GridFooterViewModel.swift */,
				45E2E349282D3790009EBE33 /* PokemonGridViewModel.swift */,
				45E2E373282D6FB6009EBE33 /* PokemonGridViewModelFactory.swift */,
			);
			path = ViewModel;
			sourceTree = "<group>";
		};
		45E2E34B282D3878009EBE33 /* Common */ = {
			isa = PBXGroup;
			children = (
				45E2E375282D7253009EBE33 /* UI */,
				45E2E368282D6DBB009EBE33 /* Image.swift */,
			);
			path = Common;
			sourceTree = "<group>";
		};
		45E2E34E282D38AA009EBE33 /* Coordinator */ = {
			isa = PBXGroup;
			children = (
				45E2E34F282D38B4009EBE33 /* PokemonGridCoordinator.swift */,
				45E2E351282D38E5009EBE33 /* PokemonGridCoordinatorIO.swift */,
			);
			path = Coordinator;
			sourceTree = "<group>";
		};
		45E2E36A282D6DDE009EBE33 /* Models */ = {
			isa = PBXGroup;
			children = (
				45E2E3B6282DBDFE009EBE33 /* PokemonDetails */,
				45E2E370282D6E28009EBE33 /* PokemonPage */,
				45E2E36D282D6DEF009EBE33 /* Pokemon */,
			);
			path = Models;
			sourceTree = "<group>";
		};
		45E2E36D282D6DEF009EBE33 /* Pokemon */ = {
			isa = PBXGroup;
			children = (
				45E2E36B282D6DEB009EBE33 /* Pokemon.swift */,
				45E2E36E282D6E0C009EBE33 /* PokemonFactory.swift */,
			);
			path = Pokemon;
			sourceTree = "<group>";
		};
		45E2E370282D6E28009EBE33 /* PokemonPage */ = {
			isa = PBXGroup;
			children = (
				45E2E371282D6E30009EBE33 /* PokemonPage.swift */,
			);
			path = PokemonPage;
			sourceTree = "<group>";
		};
		45E2E375282D7253009EBE33 /* UI */ = {
			isa = PBXGroup;
			children = (
				45E2E376282D725C009EBE33 /* GradientView.swift */,
				45E2E378282D7276009EBE33 /* SelfDescriptive.swift */,
				45E2E37A282D728E009EBE33 /* Space.swift */,
				45FA611D28649077000CB709 /* EmptyViewController.swift */,
				45FA612028649426000CB709 /* UIViewController+.swift */,
			);
			path = UI;
			sourceTree = "<group>";
		};
		45E2E37C282D72DC009EBE33 /* Views */ = {
			isa = PBXGroup;
			children = (
				45E2E37D282D72E6009EBE33 /* ErrorGridFooterView.swift */,
				45E2E37F282D7302009EBE33 /* LoadingGridFooterView.swift */,
				45E2E381282D731A009EBE33 /* PokemonGridCell.swift */,
				45E2E38F282D7C23009EBE33 /* GridErrorView.swift */,
			);
			path = Views;
			sourceTree = "<group>";
		};
		45E2E3A4282DB96F009EBE33 /* Presenter */ = {
			isa = PBXGroup;
			children = (
				45E2E3A5282DB97A009EBE33 /* IPokemonDetailsPresenter.swift */,
				45E2E3A7282DBA22009EBE33 /* PokemonDetailsPresenter.swift */,
			);
			path = Presenter;
			sourceTree = "<group>";
		};
		45E2E3A9282DBA9B009EBE33 /* View */ = {
			isa = PBXGroup;
			children = (
				45E2E3BD282DC06B009EBE33 /* Views */,
				45E2E3AA282DBAAA009EBE33 /* IPokemonDetailsView.swift */,
				45E2E3AC282DBAC4009EBE33 /* PokemonDetailsViewController.swift */,
			);
			path = View;
			sourceTree = "<group>";
		};
		45E2E3AE282DBADE009EBE33 /* ViewModel */ = {
			isa = PBXGroup;
			children = (
				45E2E3AF282DBAE8009EBE33 /* PokemonDetailsViewModel.swift */,
				45E2E3BB282DBF8A009EBE33 /* PokemonDetailsViewModelFactory.swift */,
			);
			path = ViewModel;
			sourceTree = "<group>";
		};
		45E2E3B1282DBC10009EBE33 /* Coordinator */ = {
			isa = PBXGroup;
			children = (
				45E2E3B2282DBC1C009EBE33 /* PokemonDetailsCoordinator.swift */,
				45E2E3B4282DBC47009EBE33 /* PokemonDetailsCoordinatorIO.swift */,
			);
			path = Coordinator;
			sourceTree = "<group>";
		};
		45E2E3B6282DBDFE009EBE33 /* PokemonDetails */ = {
			isa = PBXGroup;
			children = (
				45E2E3B7282DBE0C009EBE33 /* PokemonDetails.swift */,
				45E2E3B9282DBE27009EBE33 /* PokemonDetailsFactory.swift */,
			);
			path = PokemonDetails;
			sourceTree = "<group>";
		};
		45E2E3BD282DC06B009EBE33 /* Views */ = {
			isa = PBXGroup;
			children = (
				45E2E3BE282DC078009EBE33 /* CharacteristicView.swift */,
				45E2E3C0282DC08D009EBE33 /* TagView.swift */,
				45E2E3C2282DC0A0009EBE33 /* PokemonInfoView.swift */,
			);
			path = Views;
			sourceTree = "<group>";
		};
		45E2E3C4282E2C95009EBE33 /* PokemonEvolutionGrid */ = {
			isa = PBXGroup;
			children = (
				45E2E3CC282E2D04009EBE33 /* View */,
				45E2E3C7282E2CBC009EBE33 /* Presenter */,
				45E2E3C5282E2CA6009EBE33 /* PokemonEvolutionGridModuleIO.swift */,
			);
			path = PokemonEvolutionGrid;
			sourceTree = "<group>";
		};
		45E2E3C7282E2CBC009EBE33 /* Presenter */ = {
			isa = PBXGroup;
			children = (
				45E2E3C8282E2CC9009EBE33 /* IPokemonEvolutionGridPresenter.swift */,
				45E2E3CA282E2CE0009EBE33 /* PokemonEvolutionGridPresenter.swift */,
			);
			path = Presenter;
			sourceTree = "<group>";
		};
		45E2E3CC282E2D04009EBE33 /* View */ = {
			isa = PBXGroup;
			children = (
				45E2E3CD282E2D0D009EBE33 /* IPokemonEvolutionGridView.swift */,
				45E2E3CF282E2D2E009EBE33 /* PokemonEvolutionGridViewController.swift */,
			);
			path = View;
			sourceTree = "<group>";
		};
		45FA61252865B25C000CB709 /* Dependencies */ = {
			isa = PBXGroup;
			children = (
				45FA61262865B26B000CB709 /* ImageLoaderTestsDependencies.swift */,
			);
			path = Dependencies;
			sourceTree = "<group>";
		};
		AA8138E3C65F139DA45924C0 /* Pods */ = {
			isa = PBXGroup;
			children = (
				4F81FAFB64F154D1591FB9AC /* Pods-CataPoke.debug.xcconfig */,
				AEFDC978EC37B059911549D5 /* Pods-CataPoke.release.xcconfig */,
				7421B87C21C9F8C132AEE9D7 /* Pods-CataPokeTests.debug.xcconfig */,
				2A0FA8537E0263804796F767 /* Pods-CataPokeTests.release.xcconfig */,
			);
			path = Pods;
			sourceTree = "<group>";
		};
		CE4C9C9E2820167200FEA589 = {
			isa = PBXGroup;
			children = (
				CE9303D52822D0200057188E /* README.md */,
				CE4C9CA92820167200FEA589 /* CataPoke */,
				45396166282EF81A009F7328 /* CataPokeTests */,
				CE4C9CA82820167200FEA589 /* Products */,
				AA8138E3C65F139DA45924C0 /* Pods */,
				184C62093601A134C74AD8CC /* Frameworks */,
			);
			sourceTree = "<group>";
		};
		CE4C9CA82820167200FEA589 /* Products */ = {
			isa = PBXGroup;
			children = (
				CE4C9CA72820167200FEA589 /* CataPoke.app */,
				45396165282EF81A009F7328 /* CataPokeTests.xctest */,
			);
			name = Products;
			sourceTree = "<group>";
		};
		CE4C9CA92820167200FEA589 /* CataPoke */ = {
			isa = PBXGroup;
			children = (
				4535B21B285C7593007A1BFF /* Navigation */,
				45E2E36A282D6DDE009EBE33 /* Models */,
				45E2E34B282D3878009EBE33 /* Common */,
				45E2E312282D142D009EBE33 /* Application */,
				45E2E311282D141A009EBE33 /* Services */,
				45E2E310282D1400009EBE33 /* UserStories */,
				45E2E30F282D13D5009EBE33 /* Resources */,
			);
			path = CataPoke;
			sourceTree = "<group>";
		};
		CE9303C128226EDC0057188E /* Models */ = {
			isa = PBXGroup;
			children = (
				CE9303C4282270F60057188E /* EvolutionChain.swift */,
				CE9303C22822706E0057188E /* Species.swift */,
				CE9303D82822D1D30057188E /* SpeciesDetails.swift */,
			);
			path = Models;
			sourceTree = "<group>";
		};
		CE9303C8282271730057188E /* PokemonNetwork */ = {
			isa = PBXGroup;
			children = (
				CE9303C9282271990057188E /* APIRoute.swift */,
				CE9303CD282274C30057188E /* RequestHandler.swift */,
				CE9303CB2822741F0057188E /* RequestHandling.swift */,
			);
			path = PokemonNetwork;
			sourceTree = "<group>";
		};
		CE9303CF282279F60057188E /* PokemonGrid */ = {
			isa = PBXGroup;
			children = (
				45E2E34E282D38AA009EBE33 /* Coordinator */,
				45E2E346282D375B009EBE33 /* ViewModel */,
				45E2E33B282D36A6009EBE33 /* Presenter */,
				45E2E33A282D36A0009EBE33 /* View */,
				45E2E33C282D36BA009EBE33 /* PokemonGridModuleIO.swift */,
			);
			path = PokemonGrid;
			sourceTree = "<group>";
		};
		CE9303D22822A9230057188E /* Details */ = {
			isa = PBXGroup;
			children = (
				45E2E3B1282DBC10009EBE33 /* Coordinator */,
				45E2E3AE282DBADE009EBE33 /* ViewModel */,
				45E2E3A9282DBA9B009EBE33 /* View */,
				45E2E3A4282DB96F009EBE33 /* Presenter */,
				45E2E3A2282DB933009EBE33 /* PokemonDetailsModuleIO.swift */,
			);
			path = Details;
			sourceTree = "<group>";
		};
/* End PBXGroup section */

/* Begin PBXNativeTarget section */
		45396164282EF81A009F7328 /* CataPokeTests */ = {
			isa = PBXNativeTarget;
			buildConfigurationList = 4539616B282EF81A009F7328 /* Build configuration list for PBXNativeTarget "CataPokeTests" */;
			buildPhases = (
				45FA61222865AF48000CB709 /* Needle */,
				C49D85F84AE143EAED2A3EEB /* [CP] Check Pods Manifest.lock */,
				45396161282EF81A009F7328 /* Sources */,
				45396162282EF81A009F7328 /* Frameworks */,
				45396163282EF81A009F7328 /* Resources */,
				D15D39E4AD95CFDB2678A401 /* [CP] Embed Pods Frameworks */,
			);
			buildRules = (
			);
			dependencies = (
				4539616A282EF81A009F7328 /* PBXTargetDependency */,
			);
			name = CataPokeTests;
			productName = CataPokeTests;
			productReference = 45396165282EF81A009F7328 /* CataPokeTests.xctest */;
			productType = "com.apple.product-type.bundle.unit-test";
		};
		CE4C9CA62820167200FEA589 /* CataPoke */ = {
			isa = PBXNativeTarget;
			buildConfigurationList = CE4C9CD12820167300FEA589 /* Build configuration list for PBXNativeTarget "CataPoke" */;
			buildPhases = (
				4595FDCC2861952D00E5CD2C /* Needle */,
				95100E57CBA7D8A26117C611 /* [CP] Check Pods Manifest.lock */,
				45E2E309282D0C1F009EBE33 /* SwiftGen */,
				4539616E282EFB0E009F7328 /* Sourcery mock generation */,
				CE4C9CA32820167200FEA589 /* Sources */,
				CE4C9CA42820167200FEA589 /* Frameworks */,
				CE4C9CA52820167200FEA589 /* Resources */,
				45E2E308282D09C4009EBE33 /* SwiftLint */,
				55CE7C8C81E463716341826A /* [CP] Embed Pods Frameworks */,
				4535B227285CD702007A1BFF /* Embed Frameworks */,
			);
			buildRules = (
			);
			dependencies = (
			);
			name = CataPoke;
			packageProductDependencies = (
				45FA61292865B906000CB709 /* NeedleFoundation */,
			);
			productName = CataPoke;
			productReference = CE4C9CA72820167200FEA589 /* CataPoke.app */;
			productType = "com.apple.product-type.application";
		};
/* End PBXNativeTarget section */

/* Begin PBXProject section */
		CE4C9C9F2820167200FEA589 /* Project object */ = {
			isa = PBXProject;
			attributes = {
				BuildIndependentTargetsInParallel = 1;
				LastSwiftUpdateCheck = 1330;
				LastUpgradeCheck = 1330;
				TargetAttributes = {
					45396164282EF81A009F7328 = {
						CreatedOnToolsVersion = 13.3.1;
						TestTargetID = CE4C9CA62820167200FEA589;
					};
					CE4C9CA62820167200FEA589 = {
						CreatedOnToolsVersion = 13.3.1;
					};
				};
			};
			buildConfigurationList = CE4C9CA22820167200FEA589 /* Build configuration list for PBXProject "CataPoke" */;
			compatibilityVersion = "Xcode 13.0";
			developmentRegion = en;
			hasScannedForEncodings = 0;
			knownRegions = (
				en,
				Base,
			);
			mainGroup = CE4C9C9E2820167200FEA589;
			packageReferences = (
				45FA61282865B906000CB709 /* XCRemoteSwiftPackageReference "needle" */,
			);
			productRefGroup = CE4C9CA82820167200FEA589 /* Products */;
			projectDirPath = "";
			projectRoot = "";
			targets = (
				CE4C9CA62820167200FEA589 /* CataPoke */,
				45396164282EF81A009F7328 /* CataPokeTests */,
			);
		};
/* End PBXProject section */

/* Begin PBXResourcesBuildPhase section */
		45396163282EF81A009F7328 /* Resources */ = {
			isa = PBXResourcesBuildPhase;
			buildActionMask = 2147483647;
			files = (
			);
			runOnlyForDeploymentPostprocessing = 0;
		};
		CE4C9CA52820167200FEA589 /* Resources */ = {
			isa = PBXResourcesBuildPhase;
			buildActionMask = 2147483647;
			files = (
				CE4C9CB72820167300FEA589 /* LaunchScreen.storyboard in Resources */,
				45E2E30B282D0C54009EBE33 /* Localizable.strings in Resources */,
				CE4C9CB42820167300FEA589 /* Assets.xcassets in Resources */,
			);
			runOnlyForDeploymentPostprocessing = 0;
		};
/* End PBXResourcesBuildPhase section */

/* Begin PBXShellScriptBuildPhase section */
		4539616E282EFB0E009F7328 /* Sourcery mock generation */ = {
			isa = PBXShellScriptBuildPhase;
			buildActionMask = 2147483647;
			files = (
			);
			inputFileListPaths = (
			);
			inputPaths = (
			);
			name = "Sourcery mock generation";
			outputFileListPaths = (
			);
			outputPaths = (
			);
			runOnlyForDeploymentPostprocessing = 0;
			shellPath = /bin/sh;
			shellScript = "\"${PODS_ROOT}/Sourcery/bin/sourcery\"\n";
		};
		4595FDCC2861952D00E5CD2C /* Needle */ = {
			isa = PBXShellScriptBuildPhase;
			buildActionMask = 2147483647;
			files = (
			);
			inputFileListPaths = (
			);
			inputPaths = (
			);
			name = Needle;
			outputFileListPaths = (
			);
			outputPaths = (
			);
			runOnlyForDeploymentPostprocessing = 0;
			shellPath = /bin/sh;
			shellScript = "needle generate CataPoke/Services/DI/NeedleGenerated.swift CataPoke/\n";
		};
		45E2E308282D09C4009EBE33 /* SwiftLint */ = {
			isa = PBXShellScriptBuildPhase;
			buildActionMask = 2147483647;
			files = (
			);
			inputFileListPaths = (
			);
			inputPaths = (
			);
			name = SwiftLint;
			outputFileListPaths = (
			);
			outputPaths = (
			);
			runOnlyForDeploymentPostprocessing = 0;
			shellPath = /bin/sh;
			shellScript = "echo \"Run SwiftLint script with autocorrect\"\n\nif [ ${CONFIGURATION} != \"Debug\" ]; then\n    echo \"Not debug configuration, skipping...\"\n    exit 0\nfi\n\n\"${PODS_ROOT}/SwiftLint/swiftlint\" autocorrect --format\n\"${PODS_ROOT}/SwiftLint/swiftlint\"\n";
		};
		45E2E309282D0C1F009EBE33 /* SwiftGen */ = {
			isa = PBXShellScriptBuildPhase;
			buildActionMask = 2147483647;
			files = (
			);
			inputFileListPaths = (
			);
			inputPaths = (
			);
			name = SwiftGen;
			outputFileListPaths = (
			);
			outputPaths = (
			);
			runOnlyForDeploymentPostprocessing = 0;
			shellPath = /bin/sh;
			shellScript = "\"${PODS_ROOT}/SwiftGen/bin/swiftgen\" config run --config swiftgen.yml\n";
		};
		45FA61222865AF48000CB709 /* Needle */ = {
			isa = PBXShellScriptBuildPhase;
			buildActionMask = 2147483647;
			files = (
			);
			inputFileListPaths = (
			);
			inputPaths = (
			);
			name = Needle;
			outputFileListPaths = (
			);
			outputPaths = (
			);
			runOnlyForDeploymentPostprocessing = 0;
			shellPath = /bin/sh;
			shellScript = "needle generate CataPokeTests/Mocks/NeedleGenerated.swift CataPokeTests/\n";
		};
		55CE7C8C81E463716341826A /* [CP] Embed Pods Frameworks */ = {
			isa = PBXShellScriptBuildPhase;
			buildActionMask = 2147483647;
			files = (
			);
			inputFileListPaths = (
				"${PODS_ROOT}/Target Support Files/Pods-CataPoke/Pods-CataPoke-frameworks-${CONFIGURATION}-input-files.xcfilelist",
			);
			name = "[CP] Embed Pods Frameworks";
			outputFileListPaths = (
				"${PODS_ROOT}/Target Support Files/Pods-CataPoke/Pods-CataPoke-frameworks-${CONFIGURATION}-output-files.xcfilelist",
			);
			runOnlyForDeploymentPostprocessing = 0;
			shellPath = /bin/sh;
			shellScript = "\"${PODS_ROOT}/Target Support Files/Pods-CataPoke/Pods-CataPoke-frameworks.sh\"\n";
			showEnvVarsInLog = 0;
		};
		95100E57CBA7D8A26117C611 /* [CP] Check Pods Manifest.lock */ = {
			isa = PBXShellScriptBuildPhase;
			buildActionMask = 2147483647;
			files = (
			);
			inputFileListPaths = (
			);
			inputPaths = (
				"${PODS_PODFILE_DIR_PATH}/Podfile.lock",
				"${PODS_ROOT}/Manifest.lock",
			);
			name = "[CP] Check Pods Manifest.lock";
			outputFileListPaths = (
			);
			outputPaths = (
				"$(DERIVED_FILE_DIR)/Pods-CataPoke-checkManifestLockResult.txt",
			);
			runOnlyForDeploymentPostprocessing = 0;
			shellPath = /bin/sh;
			shellScript = "diff \"${PODS_PODFILE_DIR_PATH}/Podfile.lock\" \"${PODS_ROOT}/Manifest.lock\" > /dev/null\nif [ $? != 0 ] ; then\n    # print error to STDERR\n    echo \"error: The sandbox is not in sync with the Podfile.lock. Run 'pod install' or update your CocoaPods installation.\" >&2\n    exit 1\nfi\n# This output is used by Xcode 'outputs' to avoid re-running this script phase.\necho \"SUCCESS\" > \"${SCRIPT_OUTPUT_FILE_0}\"\n";
			showEnvVarsInLog = 0;
		};
		C49D85F84AE143EAED2A3EEB /* [CP] Check Pods Manifest.lock */ = {
			isa = PBXShellScriptBuildPhase;
			buildActionMask = 2147483647;
			files = (
			);
			inputFileListPaths = (
			);
			inputPaths = (
				"${PODS_PODFILE_DIR_PATH}/Podfile.lock",
				"${PODS_ROOT}/Manifest.lock",
			);
			name = "[CP] Check Pods Manifest.lock";
			outputFileListPaths = (
			);
			outputPaths = (
				"$(DERIVED_FILE_DIR)/Pods-CataPokeTests-checkManifestLockResult.txt",
			);
			runOnlyForDeploymentPostprocessing = 0;
			shellPath = /bin/sh;
			shellScript = "diff \"${PODS_PODFILE_DIR_PATH}/Podfile.lock\" \"${PODS_ROOT}/Manifest.lock\" > /dev/null\nif [ $? != 0 ] ; then\n    # print error to STDERR\n    echo \"error: The sandbox is not in sync with the Podfile.lock. Run 'pod install' or update your CocoaPods installation.\" >&2\n    exit 1\nfi\n# This output is used by Xcode 'outputs' to avoid re-running this script phase.\necho \"SUCCESS\" > \"${SCRIPT_OUTPUT_FILE_0}\"\n";
			showEnvVarsInLog = 0;
		};
		D15D39E4AD95CFDB2678A401 /* [CP] Embed Pods Frameworks */ = {
			isa = PBXShellScriptBuildPhase;
			buildActionMask = 2147483647;
			files = (
			);
			inputFileListPaths = (
				"${PODS_ROOT}/Target Support Files/Pods-CataPokeTests/Pods-CataPokeTests-frameworks-${CONFIGURATION}-input-files.xcfilelist",
			);
			name = "[CP] Embed Pods Frameworks";
			outputFileListPaths = (
				"${PODS_ROOT}/Target Support Files/Pods-CataPokeTests/Pods-CataPokeTests-frameworks-${CONFIGURATION}-output-files.xcfilelist",
			);
			runOnlyForDeploymentPostprocessing = 0;
			shellPath = /bin/sh;
			shellScript = "\"${PODS_ROOT}/Target Support Files/Pods-CataPokeTests/Pods-CataPokeTests-frameworks.sh\"\n";
			showEnvVarsInLog = 0;
		};
/* End PBXShellScriptBuildPhase section */

/* Begin PBXSourcesBuildPhase section */
		45396161282EF81A009F7328 /* Sources */ = {
			isa = PBXSourcesBuildPhase;
			buildActionMask = 2147483647;
			files = (
				45396168282EF81A009F7328 /* ImageLoaderTests.swift in Sources */,
				45396172282EFD32009F7328 /* AutoMockable.generated.swift in Sources */,
				45FA61272865B26B000CB709 /* ImageLoaderTestsDependencies.swift in Sources */,
				45396175282EFD56009F7328 /* CataPokeTestError.swift in Sources */,
				45FA61242865B00F000CB709 /* NeedleGenerated.swift in Sources */,
			);
			runOnlyForDeploymentPostprocessing = 0;
		};
		CE4C9CA32820167200FEA589 /* Sources */ = {
			isa = PBXSourcesBuildPhase;
			buildActionMask = 2147483647;
			files = (
				45E2E3BF282DC078009EBE33 /* CharacteristicView.swift in Sources */,
				45E2E345282D374C009EBE33 /* PokemonGridViewController.swift in Sources */,
				45E2E3CE282E2D0D009EBE33 /* IPokemonEvolutionGridView.swift in Sources */,
				45E2E32E282D2B34009EBE33 /* PokemonsService.swift in Sources */,
				45E2E382282D731A009EBE33 /* PokemonGridCell.swift in Sources */,
				4595FDE72861ABE600E5CD2C /* PokemonEvolutionGridModule.swift in Sources */,
				4595FDDD2861AB3600E5CD2C /* PokemonGridModule.swift in Sources */,
				45E2E372282D6E30009EBE33 /* PokemonPage.swift in Sources */,
				45E2E3C6282E2CA7009EBE33 /* PokemonEvolutionGridModuleIO.swift in Sources */,
				4595FDD92861AAF900E5CD2C /* PokemonGridComponent.swift in Sources */,
				45E2E3A3282DB933009EBE33 /* PokemonDetailsModuleIO.swift in Sources */,
				45E2E3A6282DB97A009EBE33 /* IPokemonDetailsPresenter.swift in Sources */,
				45E2E3C9282E2CC9009EBE33 /* IPokemonEvolutionGridPresenter.swift in Sources */,
				45E2E34D282D3881009EBE33 /* Coordinator.swift in Sources */,
				45E2E3C3282DC0A0009EBE33 /* PokemonInfoView.swift in Sources */,
				4595FDCE2861967E00E5CD2C /* NeedleGenerated.swift in Sources */,
				45E2E3B0282DBAE8009EBE33 /* PokemonDetailsViewModel.swift in Sources */,
				CE9303C32822706E0057188E /* Species.swift in Sources */,
				45E2E369282D6DBB009EBE33 /* Image.swift in Sources */,
				4535B21D285C75A3007A1BFF /* StepAction.swift in Sources */,
				45E2E380282D7302009EBE33 /* LoadingGridFooterView.swift in Sources */,
				45E2E36C282D6DEB009EBE33 /* Pokemon.swift in Sources */,
				45E2E343282D3738009EBE33 /* IPokemonGridView.swift in Sources */,
				4535B21F285C75D2007A1BFF /* AppStep.swift in Sources */,
				45E2E333282D31AB009EBE33 /* ImageCache.swift in Sources */,
				45E2E3CB282E2CE0009EBE33 /* PokemonEvolutionGridPresenter.swift in Sources */,
				45E2E3B8282DBE0C009EBE33 /* PokemonDetails.swift in Sources */,
				CE9303CE282274C30057188E /* RequestHandler.swift in Sources */,
				45E2E30E282D0CBF009EBE33 /* Localization.swift in Sources */,
				45E2E339282D3200009EBE33 /* PokemonImageUrlBuilder.swift in Sources */,
				4539615C282EF6AF009F7328 /* NetworkRequestHandling.swift in Sources */,
				4595FDEB2861AC1E00E5CD2C /* PokemonEvolutionGridComponent.swift in Sources */,
				4595FDD62861AAAD00E5CD2C /* RootComponent.swift in Sources */,
				45E2E3C1282DC08D009EBE33 /* TagView.swift in Sources */,
				45E2E33F282D36CD009EBE33 /* IPokemonGridPresenter.swift in Sources */,
				CE4C9CAB2820167200FEA589 /* AppDelegate.swift in Sources */,
				4595FDE42861ABB700E5CD2C /* PokemonDetailsComponent.swift in Sources */,
				CE9303C5282270F60057188E /* EvolutionChain.swift in Sources */,
				CE9303CA282271990057188E /* APIRoute.swift in Sources */,
				45E2E32C282D2ABD009EBE33 /* IPokemonsService.swift in Sources */,
				CE9303CC2822741F0057188E /* RequestHandling.swift in Sources */,
				45E2E3A8282DBA22009EBE33 /* PokemonDetailsPresenter.swift in Sources */,
				45FA611E28649077000CB709 /* EmptyViewController.swift in Sources */,
				45E2E352282D38E5009EBE33 /* PokemonGridCoordinatorIO.swift in Sources */,
				45E2E33D282D36BA009EBE33 /* PokemonGridModuleIO.swift in Sources */,
				CE4C9CAD2820167200FEA589 /* SceneDelegate.swift in Sources */,
				45E2E379282D7276009EBE33 /* SelfDescriptive.swift in Sources */,
				45E2E390282D7C23009EBE33 /* GridErrorView.swift in Sources */,
				45E2E377282D725C009EBE33 /* GradientView.swift in Sources */,
				4595FDED2861AE2F00E5CD2C /* PokemonGridFactory.swift in Sources */,
				4595FDE02861AB7F00E5CD2C /* PokemonDetailsModule.swift in Sources */,
				4595FDE92861AC0500E5CD2C /* PokemonEvolutionGridDependency.swift in Sources */,
				45E2E3B5282DBC47009EBE33 /* PokemonDetailsCoordinatorIO.swift in Sources */,
				4595FDDB2861AB1D00E5CD2C /* PokemonGridDependency.swift in Sources */,
				45E2E335282D31C0009EBE33 /* ImageLoader.swift in Sources */,
				45E2E3AB282DBAAA009EBE33 /* IPokemonDetailsView.swift in Sources */,
				45E2E337282D31D5009EBE33 /* ImageLoading.swift in Sources */,
				4539615E282EF6D0009F7328 /* URLSessionNetworkRequestHandler.swift in Sources */,
				4595FDE22861AB9D00E5CD2C /* PokemonDetailsDependency.swift in Sources */,
				45E2E37B282D728E009EBE33 /* Space.swift in Sources */,
				45E2E3D0282E2D2E009EBE33 /* PokemonEvolutionGridViewController.swift in Sources */,
				45E2E3BA282DBE27009EBE33 /* PokemonDetailsFactory.swift in Sources */,
				45E2E3B3282DBC1C009EBE33 /* PokemonDetailsCoordinator.swift in Sources */,
				45E2E374282D6FB6009EBE33 /* PokemonGridViewModelFactory.swift in Sources */,
				45E2E3AD282DBAC4009EBE33 /* PokemonDetailsViewController.swift in Sources */,
				CE9303D92822D1D30057188E /* SpeciesDetails.swift in Sources */,
				45E2E36F282D6E0C009EBE33 /* PokemonFactory.swift in Sources */,
				45396160282EF7E0009F7328 /* NetworkRequestError.swift in Sources */,
				45E2E34A282D3790009EBE33 /* PokemonGridViewModel.swift in Sources */,
				45E2E3BC282DBF8A009EBE33 /* PokemonDetailsViewModelFactory.swift in Sources */,
				45E2E331282D3181009EBE33 /* DefaultImageCache.swift in Sources */,
				45E2E350282D38B4009EBE33 /* PokemonGridCoordinator.swift in Sources */,
				45E2E348282D376A009EBE33 /* GridFooterViewModel.swift in Sources */,
				45E2E37E282D72E6009EBE33 /* ErrorGridFooterView.swift in Sources */,
				45FA612128649426000CB709 /* UIViewController+.swift in Sources */,
				45E2E341282D36F6009EBE33 /* PokemonGridPresenter.swift in Sources */,
			);
			runOnlyForDeploymentPostprocessing = 0;
		};
/* End PBXSourcesBuildPhase section */

/* Begin PBXTargetDependency section */
		4539616A282EF81A009F7328 /* PBXTargetDependency */ = {
			isa = PBXTargetDependency;
			target = CE4C9CA62820167200FEA589 /* CataPoke */;
			targetProxy = 45396169282EF81A009F7328 /* PBXContainerItemProxy */;
		};
/* End PBXTargetDependency section */

/* Begin PBXVariantGroup section */
		CE4C9CB52820167300FEA589 /* LaunchScreen.storyboard */ = {
			isa = PBXVariantGroup;
			children = (
				CE4C9CB62820167300FEA589 /* Base */,
			);
			name = LaunchScreen.storyboard;
			sourceTree = "<group>";
		};
/* End PBXVariantGroup section */

/* Begin XCBuildConfiguration section */
		4539616C282EF81A009F7328 /* Debug */ = {
			isa = XCBuildConfiguration;
			baseConfigurationReference = 7421B87C21C9F8C132AEE9D7 /* Pods-CataPokeTests.debug.xcconfig */;
			buildSettings = {
				BUNDLE_LOADER = "$(TEST_HOST)";
				CODE_SIGN_STYLE = Automatic;
				CURRENT_PROJECT_VERSION = 1;
				DEVELOPMENT_TEAM = 7U8A899S5N;
				GENERATE_INFOPLIST_FILE = YES;
				MARKETING_VERSION = 1.0;
				PRODUCT_BUNDLE_IDENTIFIER = com.SofiaRozhina.CataPokeTests;
				PRODUCT_NAME = "$(TARGET_NAME)";
				SWIFT_EMIT_LOC_STRINGS = NO;
				SWIFT_VERSION = 5.0;
				TARGETED_DEVICE_FAMILY = "1,2";
				TEST_HOST = "$(BUILT_PRODUCTS_DIR)/CataPoke.app/CataPoke";
			};
			name = Debug;
		};
		4539616D282EF81A009F7328 /* Release */ = {
			isa = XCBuildConfiguration;
			baseConfigurationReference = 2A0FA8537E0263804796F767 /* Pods-CataPokeTests.release.xcconfig */;
			buildSettings = {
				BUNDLE_LOADER = "$(TEST_HOST)";
				CODE_SIGN_STYLE = Automatic;
				CURRENT_PROJECT_VERSION = 1;
				DEVELOPMENT_TEAM = 7U8A899S5N;
				GENERATE_INFOPLIST_FILE = YES;
				MARKETING_VERSION = 1.0;
				PRODUCT_BUNDLE_IDENTIFIER = com.SofiaRozhina.CataPokeTests;
				PRODUCT_NAME = "$(TARGET_NAME)";
				SWIFT_EMIT_LOC_STRINGS = NO;
				SWIFT_VERSION = 5.0;
				TARGETED_DEVICE_FAMILY = "1,2";
				TEST_HOST = "$(BUILT_PRODUCTS_DIR)/CataPoke.app/CataPoke";
			};
			name = Release;
		};
		CE4C9CCF2820167300FEA589 /* Debug */ = {
			isa = XCBuildConfiguration;
			buildSettings = {
				ALWAYS_SEARCH_USER_PATHS = NO;
				CLANG_ANALYZER_NONNULL = YES;
				CLANG_ANALYZER_NUMBER_OBJECT_CONVERSION = YES_AGGRESSIVE;
				CLANG_CXX_LANGUAGE_STANDARD = "gnu++17";
				CLANG_ENABLE_MODULES = YES;
				CLANG_ENABLE_OBJC_ARC = YES;
				CLANG_ENABLE_OBJC_WEAK = YES;
				CLANG_WARN_BLOCK_CAPTURE_AUTORELEASING = YES;
				CLANG_WARN_BOOL_CONVERSION = YES;
				CLANG_WARN_COMMA = YES;
				CLANG_WARN_CONSTANT_CONVERSION = YES;
				CLANG_WARN_DEPRECATED_OBJC_IMPLEMENTATIONS = YES;
				CLANG_WARN_DIRECT_OBJC_ISA_USAGE = YES_ERROR;
				CLANG_WARN_DOCUMENTATION_COMMENTS = YES;
				CLANG_WARN_EMPTY_BODY = YES;
				CLANG_WARN_ENUM_CONVERSION = YES;
				CLANG_WARN_INFINITE_RECURSION = YES;
				CLANG_WARN_INT_CONVERSION = YES;
				CLANG_WARN_NON_LITERAL_NULL_CONVERSION = YES;
				CLANG_WARN_OBJC_IMPLICIT_RETAIN_SELF = YES;
				CLANG_WARN_OBJC_LITERAL_CONVERSION = YES;
				CLANG_WARN_OBJC_ROOT_CLASS = YES_ERROR;
				CLANG_WARN_QUOTED_INCLUDE_IN_FRAMEWORK_HEADER = YES;
				CLANG_WARN_RANGE_LOOP_ANALYSIS = YES;
				CLANG_WARN_STRICT_PROTOTYPES = YES;
				CLANG_WARN_SUSPICIOUS_MOVE = YES;
				CLANG_WARN_UNGUARDED_AVAILABILITY = YES_AGGRESSIVE;
				CLANG_WARN_UNREACHABLE_CODE = YES;
				CLANG_WARN__DUPLICATE_METHOD_MATCH = YES;
				COPY_PHASE_STRIP = NO;
				DEBUG_INFORMATION_FORMAT = dwarf;
				ENABLE_STRICT_OBJC_MSGSEND = YES;
				ENABLE_TESTABILITY = YES;
				GCC_C_LANGUAGE_STANDARD = gnu11;
				GCC_DYNAMIC_NO_PIC = NO;
				GCC_NO_COMMON_BLOCKS = YES;
				GCC_OPTIMIZATION_LEVEL = 0;
				GCC_PREPROCESSOR_DEFINITIONS = (
					"DEBUG=1",
					"$(inherited)",
				);
				GCC_WARN_64_TO_32_BIT_CONVERSION = YES;
				GCC_WARN_ABOUT_RETURN_TYPE = YES_ERROR;
				GCC_WARN_UNDECLARED_SELECTOR = YES;
				GCC_WARN_UNINITIALIZED_AUTOS = YES_AGGRESSIVE;
				GCC_WARN_UNUSED_FUNCTION = YES;
				GCC_WARN_UNUSED_VARIABLE = YES;
				IPHONEOS_DEPLOYMENT_TARGET = 15.4;
				MTL_ENABLE_DEBUG_INFO = INCLUDE_SOURCE;
				MTL_FAST_MATH = YES;
				ONLY_ACTIVE_ARCH = YES;
				SDKROOT = iphoneos;
				SWIFT_ACTIVE_COMPILATION_CONDITIONS = DEBUG;
				SWIFT_OPTIMIZATION_LEVEL = "-Onone";
			};
			name = Debug;
		};
		CE4C9CD02820167300FEA589 /* Release */ = {
			isa = XCBuildConfiguration;
			buildSettings = {
				ALWAYS_SEARCH_USER_PATHS = NO;
				CLANG_ANALYZER_NONNULL = YES;
				CLANG_ANALYZER_NUMBER_OBJECT_CONVERSION = YES_AGGRESSIVE;
				CLANG_CXX_LANGUAGE_STANDARD = "gnu++17";
				CLANG_ENABLE_MODULES = YES;
				CLANG_ENABLE_OBJC_ARC = YES;
				CLANG_ENABLE_OBJC_WEAK = YES;
				CLANG_WARN_BLOCK_CAPTURE_AUTORELEASING = YES;
				CLANG_WARN_BOOL_CONVERSION = YES;
				CLANG_WARN_COMMA = YES;
				CLANG_WARN_CONSTANT_CONVERSION = YES;
				CLANG_WARN_DEPRECATED_OBJC_IMPLEMENTATIONS = YES;
				CLANG_WARN_DIRECT_OBJC_ISA_USAGE = YES_ERROR;
				CLANG_WARN_DOCUMENTATION_COMMENTS = YES;
				CLANG_WARN_EMPTY_BODY = YES;
				CLANG_WARN_ENUM_CONVERSION = YES;
				CLANG_WARN_INFINITE_RECURSION = YES;
				CLANG_WARN_INT_CONVERSION = YES;
				CLANG_WARN_NON_LITERAL_NULL_CONVERSION = YES;
				CLANG_WARN_OBJC_IMPLICIT_RETAIN_SELF = YES;
				CLANG_WARN_OBJC_LITERAL_CONVERSION = YES;
				CLANG_WARN_OBJC_ROOT_CLASS = YES_ERROR;
				CLANG_WARN_QUOTED_INCLUDE_IN_FRAMEWORK_HEADER = YES;
				CLANG_WARN_RANGE_LOOP_ANALYSIS = YES;
				CLANG_WARN_STRICT_PROTOTYPES = YES;
				CLANG_WARN_SUSPICIOUS_MOVE = YES;
				CLANG_WARN_UNGUARDED_AVAILABILITY = YES_AGGRESSIVE;
				CLANG_WARN_UNREACHABLE_CODE = YES;
				CLANG_WARN__DUPLICATE_METHOD_MATCH = YES;
				COPY_PHASE_STRIP = NO;
				DEBUG_INFORMATION_FORMAT = "dwarf-with-dsym";
				ENABLE_NS_ASSERTIONS = NO;
				ENABLE_STRICT_OBJC_MSGSEND = YES;
				GCC_C_LANGUAGE_STANDARD = gnu11;
				GCC_NO_COMMON_BLOCKS = YES;
				GCC_WARN_64_TO_32_BIT_CONVERSION = YES;
				GCC_WARN_ABOUT_RETURN_TYPE = YES_ERROR;
				GCC_WARN_UNDECLARED_SELECTOR = YES;
				GCC_WARN_UNINITIALIZED_AUTOS = YES_AGGRESSIVE;
				GCC_WARN_UNUSED_FUNCTION = YES;
				GCC_WARN_UNUSED_VARIABLE = YES;
				IPHONEOS_DEPLOYMENT_TARGET = 15.4;
				MTL_ENABLE_DEBUG_INFO = NO;
				MTL_FAST_MATH = YES;
				SDKROOT = iphoneos;
				SWIFT_COMPILATION_MODE = wholemodule;
				SWIFT_OPTIMIZATION_LEVEL = "-O";
				VALIDATE_PRODUCT = YES;
			};
			name = Release;
		};
		CE4C9CD22820167300FEA589 /* Debug */ = {
			isa = XCBuildConfiguration;
			baseConfigurationReference = 4F81FAFB64F154D1591FB9AC /* Pods-CataPoke.debug.xcconfig */;
			buildSettings = {
				ASSETCATALOG_COMPILER_APPICON_NAME = AppIcon;
				ASSETCATALOG_COMPILER_GLOBAL_ACCENT_COLOR_NAME = AccentColor;
				CODE_SIGN_STYLE = Automatic;
				CURRENT_PROJECT_VERSION = 1;
				GENERATE_INFOPLIST_FILE = YES;
				INFOPLIST_FILE = CataPoke/Application/Info.plist;
				INFOPLIST_KEY_UIApplicationSupportsIndirectInputEvents = YES;
				INFOPLIST_KEY_UILaunchStoryboardName = LaunchScreen;
				INFOPLIST_KEY_UISupportedInterfaceOrientations_iPad = "UIInterfaceOrientationPortrait UIInterfaceOrientationPortraitUpsideDown UIInterfaceOrientationLandscapeLeft UIInterfaceOrientationLandscapeRight";
				INFOPLIST_KEY_UISupportedInterfaceOrientations_iPhone = "UIInterfaceOrientationPortrait UIInterfaceOrientationLandscapeLeft UIInterfaceOrientationLandscapeRight";
				LD_RUNPATH_SEARCH_PATHS = (
					"$(inherited)",
					"@executable_path/Frameworks",
				);
				MARKETING_VERSION = 1.0;
				PRODUCT_BUNDLE_IDENTIFIER = com.Pokemon.CataPoke;
				PRODUCT_NAME = "$(TARGET_NAME)";
				SWIFT_EMIT_LOC_STRINGS = YES;
				SWIFT_VERSION = 5.0;
				TARGETED_DEVICE_FAMILY = 1;
			};
			name = Debug;
		};
		CE4C9CD32820167300FEA589 /* Release */ = {
			isa = XCBuildConfiguration;
			baseConfigurationReference = AEFDC978EC37B059911549D5 /* Pods-CataPoke.release.xcconfig */;
			buildSettings = {
				ASSETCATALOG_COMPILER_APPICON_NAME = AppIcon;
				ASSETCATALOG_COMPILER_GLOBAL_ACCENT_COLOR_NAME = AccentColor;
				CODE_SIGN_STYLE = Automatic;
				CURRENT_PROJECT_VERSION = 1;
				GENERATE_INFOPLIST_FILE = YES;
				INFOPLIST_FILE = CataPoke/Application/Info.plist;
				INFOPLIST_KEY_UIApplicationSupportsIndirectInputEvents = YES;
				INFOPLIST_KEY_UILaunchStoryboardName = LaunchScreen;
				INFOPLIST_KEY_UISupportedInterfaceOrientations_iPad = "UIInterfaceOrientationPortrait UIInterfaceOrientationPortraitUpsideDown UIInterfaceOrientationLandscapeLeft UIInterfaceOrientationLandscapeRight";
				INFOPLIST_KEY_UISupportedInterfaceOrientations_iPhone = "UIInterfaceOrientationPortrait UIInterfaceOrientationLandscapeLeft UIInterfaceOrientationLandscapeRight";
				LD_RUNPATH_SEARCH_PATHS = (
					"$(inherited)",
					"@executable_path/Frameworks",
				);
				MARKETING_VERSION = 1.0;
				PRODUCT_BUNDLE_IDENTIFIER = com.Pokemon.CataPoke;
				PRODUCT_NAME = "$(TARGET_NAME)";
				SWIFT_EMIT_LOC_STRINGS = YES;
				SWIFT_VERSION = 5.0;
				TARGETED_DEVICE_FAMILY = 1;
			};
			name = Release;
		};
/* End XCBuildConfiguration section */

/* Begin XCConfigurationList section */
		4539616B282EF81A009F7328 /* Build configuration list for PBXNativeTarget "CataPokeTests" */ = {
			isa = XCConfigurationList;
			buildConfigurations = (
				4539616C282EF81A009F7328 /* Debug */,
				4539616D282EF81A009F7328 /* Release */,
			);
			defaultConfigurationIsVisible = 0;
			defaultConfigurationName = Release;
		};
		CE4C9CA22820167200FEA589 /* Build configuration list for PBXProject "CataPoke" */ = {
			isa = XCConfigurationList;
			buildConfigurations = (
				CE4C9CCF2820167300FEA589 /* Debug */,
				CE4C9CD02820167300FEA589 /* Release */,
			);
			defaultConfigurationIsVisible = 0;
			defaultConfigurationName = Release;
		};
		CE4C9CD12820167300FEA589 /* Build configuration list for PBXNativeTarget "CataPoke" */ = {
			isa = XCConfigurationList;
			buildConfigurations = (
				CE4C9CD22820167300FEA589 /* Debug */,
				CE4C9CD32820167300FEA589 /* Release */,
			);
			defaultConfigurationIsVisible = 0;
			defaultConfigurationName = Release;
		};
/* End XCConfigurationList section */

/* Begin XCRemoteSwiftPackageReference section */
		45FA61282865B906000CB709 /* XCRemoteSwiftPackageReference "needle" */ = {
			isa = XCRemoteSwiftPackageReference;
			repositoryURL = "https://github.com/uber/needle.git";
			requirement = {
				branch = master;
				kind = branch;
			};
		};
/* End XCRemoteSwiftPackageReference section */

/* Begin XCSwiftPackageProductDependency section */
		45FA61292865B906000CB709 /* NeedleFoundation */ = {
			isa = XCSwiftPackageProductDependency;
			package = 45FA61282865B906000CB709 /* XCRemoteSwiftPackageReference "needle" */;
			productName = NeedleFoundation;
		};
/* End XCSwiftPackageProductDependency section */
	};
	rootObject = CE4C9C9F2820167200FEA589 /* Project object */;
}
